
Microsoft Visual Studio Solution File, Format Version 12.00
# Visual Studio Version 17
VisualStudioVersion = 17.10.34928.147
MinimumVisualStudioVersion = 10.0.40219.1
Project("{FAE04EC0-301F-11D3-BF4B-00C04F79EFBC}") = "P_Passion_Lecture", "P_Passion_Lecture.csproj", "{EBEAEC71-CBBB-4F86-91E3-0591C0A8140E}"
EndProject
Global
	GlobalSection(SolutionConfigurationPlatforms) = preSolution
		Debug|Any CPU = Debug|Any CPU
		Release|Any CPU = Release|Any CPU
	EndGlobalSection
	GlobalSection(ProjectConfigurationPlatforms) = postSolution
		{EBEAEC71-CBBB-4F86-91E3-0591C0A8140E}.Debug|Any CPU.ActiveCfg = Debug|Any CPU
		{EBEAEC71-CBBB-4F86-91E3-0591C0A8140E}.Debug|Any CPU.Build.0 = Debug|Any CPU
		{EBEAEC71-CBBB-4F86-91E3-0591C0A8140E}.Debug|Any CPU.Deploy.0 = Debug|Any CPU
		{EBEAEC71-CBBB-4F86-91E3-0591C0A8140E}.Release|Any CPU.ActiveCfg = Release|Any CPU
		{EBEAEC71-CBBB-4F86-91E3-0591C0A8140E}.Release|Any CPU.Build.0 = Release|Any CPU
		{EBEAEC71-CBBB-4F86-91E3-0591C0A8140E}.Release|Any CPU.Deploy.0 = Release|Any CPU
	EndGlobalSection
	GlobalSection(SolutionProperties) = preSolution
		HideSolutionNode = FALSE
	EndGlobalSection
	GlobalSection(ExtensibilityGlobals) = postSolution
		SolutionGuid = {C0B71F24-FD54-4602-B28F-C7FB42B0B3AB}
	EndGlobalSection
EndGlobal
